PODS:
  - SnapKit (5.6.0)
  - SwiftUUKit (0.1.0):
    - SwiftUUKit/Utils (= 0.1.0)
    - SwiftUUKit/UUTableView (= 0.1.0)
  - SwiftUUKit/Utils (0.1.0)
  - SwiftUUKit/UUTableView (0.1.0):
    - SnapKit (~> 5.0)
    - SwiftUUKit/Utils

DEPENDENCIES:
  - SwiftUUKit (from `../`)

SPEC REPOS:
  trunk:
    - SnapKit

EXTERNAL SOURCES:
  SwiftUUKit:
    :path: "../"

SPEC CHECKSUMS:
  SnapKit: e01d52ebb8ddbc333eefe2132acf85c8227d9c25
  SwiftUUKit: 4e1375a3bffc1d4efe82eaf18a1216d9f9b0e400

PODFILE CHECKSUM: c36751926cbdf7cd84f728dee0d983fcf244f755

COCOAPODS: 1.14.3
